
Microsoft Visual Studio Solution File, Format Version 12.00
# Visual Studio 15
VisualStudioVersion = 15.0.26228.9
MinimumVisualStudioVersion = 10.0.40219.1
Project("{FAE04EC0-301F-11D3-BF4B-00C04F79EFBC}") = "TogetherTravel", "TogetherTravel\TogetherTravel.csproj", "{1C94EE2C-BF83-4D0D-8B23-165AEF28F5BA}"
EndProject
Project("{FAE04EC0-301F-11D3-BF4B-00C04F79EFBC}") = "DataBase", "DataBase\DataBase.csproj", "{80550275-8052-48CE-8FE1-4A2D8E0EFDCB}"
EndProject
Global
	GlobalSection(SolutionConfigurationPlatforms) = preSolution
		Debug|Any CPU = Debug|Any CPU
		Release|Any CPU = Release|Any CPU
	EndGlobalSection
	GlobalSection(ProjectConfigurationPlatforms) = postSolution
		{1C94EE2C-BF83-4D0D-8B23-165AEF28F5BA}.Debug|Any CPU.ActiveCfg = Debug|Any CPU
		{1C94EE2C-BF83-4D0D-8B23-165AEF28F5BA}.Debug|Any CPU.Build.0 = Debug|Any CPU
		{1C94EE2C-BF83-4D0D-8B23-165AEF28F5BA}.Release|Any CPU.ActiveCfg = Release|Any CPU
		{1C94EE2C-BF83-4D0D-8B23-165AEF28F5BA}.Release|Any CPU.Build.0 = Release|Any CPU
		{80550275-8052-48CE-8FE1-4A2D8E0EFDCB}.Debug|Any CPU.ActiveCfg = Debug|Any CPU
		{80550275-8052-48CE-8FE1-4A2D8E0EFDCB}.Debug|Any CPU.Build.0 = Debug|Any CPU
		{80550275-8052-48CE-8FE1-4A2D8E0EFDCB}.Release|Any CPU.ActiveCfg = Release|Any CPU
		{80550275-8052-48CE-8FE1-4A2D8E0EFDCB}.Release|Any CPU.Build.0 = Release|Any CPU
	EndGlobalSection
	GlobalSection(SolutionProperties) = preSolution
		HideSolutionNode = FALSE
	EndGlobalSection
EndGlobal
